// !$*UTF8*$!
{
	archiveVersion = 1;
	classes = {
	};
	objectVersion = 46;
	objects = {

/* Begin PBXBuildFile section */
		047656F414B3FC4A000D984C /* libxml2.2.7.3.dylib in Frameworks */ = {isa = PBXBuildFile; fileRef = 047656F314B3FC4A000D984C /* libxml2.2.7.3.dylib */; };
		047656F614B3FCB4000D984C /* libxml2.dylib in Frameworks */ = {isa = PBXBuildFile; fileRef = 047656F514B3FCB4000D984C /* libxml2.dylib */; };
		0476570A14B3FD84000D984C /* Utility.m in Sources */ = {isa = PBXBuildFile; fileRef = 0476570014B3FD84000D984C /* Utility.m */; };
		0476570B14B3FD84000D984C /* FMDatabase.m in Sources */ = {isa = PBXBuildFile; fileRef = 0476570114B3FD84000D984C /* FMDatabase.m */; };
		0476570C14B3FD84000D984C /* FMResultSet.m in Sources */ = {isa = PBXBuildFile; fileRef = 0476570214B3FD84000D984C /* FMResultSet.m */; };
		0476570D14B3FD84000D984C /* Global.m in Sources */ = {isa = PBXBuildFile; fileRef = 0476570314B3FD84000D984C /* Global.m */; };
		0476570E14B3FD84000D984C /* FMDatabaseAdditions.m in Sources */ = {isa = PBXBuildFile; fileRef = 0476570914B3FD84000D984C /* FMDatabaseAdditions.m */; };
		0476571014B3FDCE000D984C /* libsqlite3.0.dylib in Frameworks */ = {isa = PBXBuildFile; fileRef = 0476570F14B3FDCE000D984C /* libsqlite3.0.dylib */; };
		0476571314B40804000D984C /* Trail.xcdatamodeld in Sources */ = {isa = PBXBuildFile; fileRef = 0476571114B40804000D984C /* Trail.xcdatamodeld */; };
		0476572514B425FD000D984C /* Event.m in Sources */ = {isa = PBXBuildFile; fileRef = 0476572414B425FC000D984C /* Event.m */; };
		0476572814B42613000D984C /* Trail.m in Sources */ = {isa = PBXBuildFile; fileRef = 0476572714B42613000D984C /* Trail.m */; };
		0476572A14B42B34000D984C /* CoreData.framework in Frameworks */ = {isa = PBXBuildFile; fileRef = 0476572914B42B34000D984C /* CoreData.framework */; };
		0476573414B440CA000D984C /* IMG_0030.PNG in Resources */ = {isa = PBXBuildFile; fileRef = 0476572D14B440CA000D984C /* IMG_0030.PNG */; };
		0476573514B440CA000D984C /* IMG_0031.PNG in Resources */ = {isa = PBXBuildFile; fileRef = 0476572E14B440CA000D984C /* IMG_0031.PNG */; };
		0476573614B440CA000D984C /* IMG_0032.PNG in Resources */ = {isa = PBXBuildFile; fileRef = 0476572F14B440CA000D984C /* IMG_0032.PNG */; };
		0476573714B440CA000D984C /* IMG_0033.PNG in Resources */ = {isa = PBXBuildFile; fileRef = 0476573014B440CA000D984C /* IMG_0033.PNG */; };
		0476573814B440CA000D984C /* IMG_0034.JPG in Resources */ = {isa = PBXBuildFile; fileRef = 0476573114B440CA000D984C /* IMG_0034.JPG */; };
		0476573914B440CA000D984C /* IMG_0035.PNG in Resources */ = {isa = PBXBuildFile; fileRef = 0476573214B440CA000D984C /* IMG_0035.PNG */; };
		0476573A14B440CA000D984C /* IMG_0036.PNG in Resources */ = {isa = PBXBuildFile; fileRef = 0476573314B440CA000D984C /* IMG_0036.PNG */; };
		04F3337A14B17B08008CC860 /* UIKit.framework in Frameworks */ = {isa = PBXBuildFile; fileRef = 04F3337914B17B08008CC860 /* UIKit.framework */; };
		04F3337C14B17B08008CC860 /* Foundation.framework in Frameworks */ = {isa = PBXBuildFile; fileRef = 04F3337B14B17B08008CC860 /* Foundation.framework */; };
		04F3337E14B17B08008CC860 /* CoreGraphics.framework in Frameworks */ = {isa = PBXBuildFile; fileRef = 04F3337D14B17B08008CC860 /* CoreGraphics.framework */; };
		04F3338414B17B08008CC860 /* InfoPlist.strings in Resources */ = {isa = PBXBuildFile; fileRef = 04F3338214B17B08008CC860 /* InfoPlist.strings */; };
		04F3338614B17B08008CC860 /* main.m in Sources */ = {isa = PBXBuildFile; fileRef = 04F3338514B17B08008CC860 /* main.m */; };
		04F3338A14B17B08008CC860 /* AppDelegate.m in Sources */ = {isa = PBXBuildFile; fileRef = 04F3338914B17B08008CC860 /* AppDelegate.m */; };
		04F3338D14B17B08008CC860 /* MainStoryboard_iPhone.storyboard in Resources */ = {isa = PBXBuildFile; fileRef = 04F3338B14B17B08008CC860 /* MainStoryboard_iPhone.storyboard */; };
		04F3339014B17B08008CC860 /* MainStoryboard_iPad.storyboard in Resources */ = {isa = PBXBuildFile; fileRef = 04F3338E14B17B08008CC860 /* MainStoryboard_iPad.storyboard */; };
		04F3339314B17B08008CC860 /* MainViewController.m in Sources */ = {isa = PBXBuildFile; fileRef = 04F3339214B17B08008CC860 /* MainViewController.m */; };
/* End PBXBuildFile section */

/* Begin PBXFileReference section */
		044E633E14B562BA008C9E75 /* Common_Const.h */ = {isa = PBXFileReference; fileEncoding = 4; lastKnownFileType = sourcecode.c.h; path = Common_Const.h; sourceTree = "<group>"; };
		047656F314B3FC4A000D984C /* libxml2.2.7.3.dylib */ = {isa = PBXFileReference; lastKnownFileType = "compiled.mach-o.dylib"; name = libxml2.2.7.3.dylib; path = usr/lib/libxml2.2.7.3.dylib; sourceTree = SDKROOT; };
		047656F514B3FCB4000D984C /* libxml2.dylib */ = {isa = PBXFileReference; lastKnownFileType = "compiled.mach-o.dylib"; name = libxml2.dylib; path = usr/lib/libxml2.dylib; sourceTree = SDKROOT; };
		0476570014B3FD84000D984C /* Utility.m */ = {isa = PBXFileReference; fileEncoding = 4; lastKnownFileType = sourcecode.c.objc; name = Utility.m; path = AZutil/tool/Utility.m; sourceTree = "<group>"; };
		0476570114B3FD84000D984C /* FMDatabase.m */ = {isa = PBXFileReference; fileEncoding = 4; lastKnownFileType = sourcecode.c.objc; name = FMDatabase.m; path = AZutil/tool/FMDatabase.m; sourceTree = "<group>"; };
		0476570214B3FD84000D984C /* FMResultSet.m */ = {isa = PBXFileReference; fileEncoding = 4; lastKnownFileType = sourcecode.c.objc; name = FMResultSet.m; path = AZutil/tool/FMResultSet.m; sourceTree = "<group>"; };
		0476570314B3FD84000D984C /* Global.m */ = {isa = PBXFileReference; fileEncoding = 4; lastKnownFileType = sourcecode.c.objc; name = Global.m; path = AZutil/tool/Global.m; sourceTree = "<group>"; };
		0476570414B3FD84000D984C /* Global.h */ = {isa = PBXFileReference; fileEncoding = 4; lastKnownFileType = sourcecode.c.h; name = Global.h; path = AZutil/tool/Global.h; sourceTree = "<group>"; };
		0476570514B3FD84000D984C /* Utility.h */ = {isa = PBXFileReference; fileEncoding = 4; lastKnownFileType = sourcecode.c.h; name = Utility.h; path = AZutil/tool/Utility.h; sourceTree = "<group>"; };
		0476570614B3FD84000D984C /* FMResultSet.h */ = {isa = PBXFileReference; fileEncoding = 4; lastKnownFileType = sourcecode.c.h; name = FMResultSet.h; path = AZutil/tool/FMResultSet.h; sourceTree = "<group>"; };
		0476570714B3FD84000D984C /* FMDatabase.h */ = {isa = PBXFileReference; fileEncoding = 4; lastKnownFileType = sourcecode.c.h; name = FMDatabase.h; path = AZutil/tool/FMDatabase.h; sourceTree = "<group>"; };
		0476570814B3FD84000D984C /* FMDatabaseAdditions.h */ = {isa = PBXFileReference; fileEncoding = 4; lastKnownFileType = sourcecode.c.h; name = FMDatabaseAdditions.h; path = AZutil/tool/FMDatabaseAdditions.h; sourceTree = "<group>"; };
		0476570914B3FD84000D984C /* FMDatabaseAdditions.m */ = {isa = PBXFileReference; fileEncoding = 4; lastKnownFileType = sourcecode.c.objc; name = FMDatabaseAdditions.m; path = AZutil/tool/FMDatabaseAdditions.m; sourceTree = "<group>"; };
		0476570F14B3FDCE000D984C /* libsqlite3.0.dylib */ = {isa = PBXFileReference; lastKnownFileType = "compiled.mach-o.dylib"; name = libsqlite3.0.dylib; path = usr/lib/libsqlite3.0.dylib; sourceTree = SDKROOT; };
		0476571214B40804000D984C /* Trail.xcdatamodel */ = {isa = PBXFileReference; lastKnownFileType = wrapper.xcdatamodel; path = Trail.xcdatamodel; sourceTree = "<group>"; };
		0476572314B425FC000D984C /* Event.h */ = {isa = PBXFileReference; fileEncoding = 4; lastKnownFileType = sourcecode.c.h; path = Event.h; sourceTree = "<group>"; };
		0476572414B425FC000D984C /* Event.m */ = {isa = PBXFileReference; fileEncoding = 4; lastKnownFileType = sourcecode.c.objc; path = Event.m; sourceTree = "<group>"; };
		0476572614B42613000D984C /* Trail.h */ = {isa = PBXFileReference; fileEncoding = 4; lastKnownFileType = sourcecode.c.h; path = Trail.h; sourceTree = "<group>"; };
		0476572714B42613000D984C /* Trail.m */ = {isa = PBXFileReference; fileEncoding = 4; lastKnownFileType = sourcecode.c.objc; path = Trail.m; sourceTree = "<group>"; };
		0476572914B42B34000D984C /* CoreData.framework */ = {isa = PBXFileReference; lastKnownFileType = wrapper.framework; name = CoreData.framework; path = System/Library/Frameworks/CoreData.framework; sourceTree = SDKROOT; };
		0476572D14B440CA000D984C /* IMG_0030.PNG */ = {isa = PBXFileReference; lastKnownFileType = image.png; path = IMG_0030.PNG; sourceTree = "<group>"; };
		0476572E14B440CA000D984C /* IMG_0031.PNG */ = {isa = PBXFileReference; lastKnownFileType = image.png; path = IMG_0031.PNG; sourceTree = "<group>"; };
		0476572F14B440CA000D984C /* IMG_0032.PNG */ = {isa = PBXFileReference; lastKnownFileType = image.png; path = IMG_0032.PNG; sourceTree = "<group>"; };
		0476573014B440CA000D984C /* IMG_0033.PNG */ = {isa = PBXFileReference; lastKnownFileType = image.png; path = IMG_0033.PNG; sourceTree = "<group>"; };
		0476573114B440CA000D984C /* IMG_0034.JPG */ = {isa = PBXFileReference; lastKnownFileType = image.jpeg; path = IMG_0034.JPG; sourceTree = "<group>"; };
		0476573214B440CA000D984C /* IMG_0035.PNG */ = {isa = PBXFileReference; lastKnownFileType = image.png; path = IMG_0035.PNG; sourceTree = "<group>"; };
		0476573314B440CA000D984C /* IMG_0036.PNG */ = {isa = PBXFileReference; lastKnownFileType = image.png; path = IMG_0036.PNG; sourceTree = "<group>"; };
		04F3337514B17B08008CC860 /* MyTrail.app */ = {isa = PBXFileReference; explicitFileType = wrapper.application; includeInIndex = 0; path = MyTrail.app; sourceTree = BUILT_PRODUCTS_DIR; };
		04F3337914B17B08008CC860 /* UIKit.framework */ = {isa = PBXFileReference; lastKnownFileType = wrapper.framework; name = UIKit.framework; path = System/Library/Frameworks/UIKit.framework; sourceTree = SDKROOT; };
		04F3337B14B17B08008CC860 /* Foundation.framework */ = {isa = PBXFileReference; lastKnownFileType = wrapper.framework; name = Foundation.framework; path = System/Library/Frameworks/Foundation.framework; sourceTree = SDKROOT; };
		04F3337D14B17B08008CC860 /* CoreGraphics.framework */ = {isa = PBXFileReference; lastKnownFileType = wrapper.framework; name = CoreGraphics.framework; path = System/Library/Frameworks/CoreGraphics.framework; sourceTree = SDKROOT; };
		04F3338114B17B08008CC860 /* MyTrail-Info.plist */ = {isa = PBXFileReference; lastKnownFileType = text.plist.xml; path = "MyTrail-Info.plist"; sourceTree = "<group>"; };
		04F3338314B17B08008CC860 /* en */ = {isa = PBXFileReference; lastKnownFileType = text.plist.strings; name = en; path = en.lproj/InfoPlist.strings; sourceTree = "<group>"; };
		04F3338514B17B08008CC860 /* main.m */ = {isa = PBXFileReference; lastKnownFileType = sourcecode.c.objc; path = main.m; sourceTree = "<group>"; };
		04F3338714B17B08008CC860 /* MyTrail-Prefix.pch */ = {isa = PBXFileReference; lastKnownFileType = sourcecode.c.h; path = "MyTrail-Prefix.pch"; sourceTree = "<group>"; };
		04F3338814B17B08008CC860 /* AppDelegate.h */ = {isa = PBXFileReference; lastKnownFileType = sourcecode.c.h; path = AppDelegate.h; sourceTree = "<group>"; };
		04F3338914B17B08008CC860 /* AppDelegate.m */ = {isa = PBXFileReference; lastKnownFileType = sourcecode.c.objc; path = AppDelegate.m; sourceTree = "<group>"; };
		04F3338C14B17B08008CC860 /* en */ = {isa = PBXFileReference; lastKnownFileType = file.storyboard; name = en; path = en.lproj/MainStoryboard_iPhone.storyboard; sourceTree = "<group>"; };
		04F3338F14B17B08008CC860 /* en */ = {isa = PBXFileReference; lastKnownFileType = file.storyboard; name = en; path = en.lproj/MainStoryboard_iPad.storyboard; sourceTree = "<group>"; };
		04F3339114B17B08008CC860 /* MainViewController.h */ = {isa = PBXFileReference; lastKnownFileType = sourcecode.c.h; path = MainViewController.h; sourceTree = "<group>"; };
		04F3339214B17B08008CC860 /* MainViewController.m */ = {isa = PBXFileReference; lastKnownFileType = sourcecode.c.objc; path = MainViewController.m; sourceTree = "<group>"; };
/* End PBXFileReference section */

/* Begin PBXFrameworksBuildPhase section */
		04F3337214B17B08008CC860 /* Frameworks */ = {
			isa = PBXFrameworksBuildPhase;
			buildActionMask = 2147483647;
			files = (
				0476572A14B42B34000D984C /* CoreData.framework in Frameworks */,
				0476571014B3FDCE000D984C /* libsqlite3.0.dylib in Frameworks */,
				047656F614B3FCB4000D984C /* libxml2.dylib in Frameworks */,
				047656F414B3FC4A000D984C /* libxml2.2.7.3.dylib in Frameworks */,
				04F3337A14B17B08008CC860 /* UIKit.framework in Frameworks */,
				04F3337C14B17B08008CC860 /* Foundation.framework in Frameworks */,
				04F3337E14B17B08008CC860 /* CoreGraphics.framework in Frameworks */,
			);
			runOnlyForDeploymentPostprocessing = 0;
		};
/* End PBXFrameworksBuildPhase section */

/* Begin PBXGroup section */
		047656FF14B3FD50000D984C /* Lib */ = {
			isa = PBXGroup;
			children = (
				0476570014B3FD84000D984C /* Utility.m */,
				0476570114B3FD84000D984C /* FMDatabase.m */,
				0476570214B3FD84000D984C /* FMResultSet.m */,
				0476570314B3FD84000D984C /* Global.m */,
				0476570414B3FD84000D984C /* Global.h */,
				0476570514B3FD84000D984C /* Utility.h */,
				0476570614B3FD84000D984C /* FMResultSet.h */,
				0476570714B3FD84000D984C /* FMDatabase.h */,
				0476570814B3FD84000D984C /* FMDatabaseAdditions.h */,
				0476570914B3FD84000D984C /* FMDatabaseAdditions.m */,
			);
			name = Lib;
			sourceTree = "<group>";
		};
		0476572C14B440CA000D984C /* pics */ = {
			isa = PBXGroup;
			children = (
				0476572D14B440CA000D984C /* IMG_0030.PNG */,
				0476572E14B440CA000D984C /* IMG_0031.PNG */,
				0476572F14B440CA000D984C /* IMG_0032.PNG */,
				0476573014B440CA000D984C /* IMG_0033.PNG */,
				0476573114B440CA000D984C /* IMG_0034.JPG */,
				0476573214B440CA000D984C /* IMG_0035.PNG */,
				0476573314B440CA000D984C /* IMG_0036.PNG */,
			);
			path = pics;
			sourceTree = SOURCE_ROOT;
		};
		04F3336A14B17B08008CC860 = {
			isa = PBXGroup;
			children = (
				0476572914B42B34000D984C /* CoreData.framework */,
				04F3337F14B17B08008CC860 /* MyTrail */,
				04F3337814B17B08008CC860 /* Frameworks */,
				04F3337614B17B08008CC860 /* Products */,
			);
			sourceTree = "<group>";
		};
		04F3337614B17B08008CC860 /* Products */ = {
			isa = PBXGroup;
			children = (
				04F3337514B17B08008CC860 /* MyTrail.app */,
			);
			name = Products;
			sourceTree = "<group>";
		};
		04F3337814B17B08008CC860 /* Frameworks */ = {
			isa = PBXGroup;
			children = (
				047656F314B3FC4A000D984C /* libxml2.2.7.3.dylib */,
				0476570F14B3FDCE000D984C /* libsqlite3.0.dylib */,
				047656F514B3FCB4000D984C /* libxml2.dylib */,
				04F3337914B17B08008CC860 /* UIKit.framework */,
				04F3337B14B17B08008CC860 /* Foundation.framework */,
				04F3337D14B17B08008CC860 /* CoreGraphics.framework */,
			);
			name = Frameworks;
			sourceTree = "<group>";
		};
		04F3337F14B17B08008CC860 /* MyTrail */ = {
			isa = PBXGroup;
			children = (
				047656FF14B3FD50000D984C /* Lib */,
				04F3338814B17B08008CC860 /* AppDelegate.h */,
				04F3338914B17B08008CC860 /* AppDelegate.m */,
				04F3339114B17B08008CC860 /* MainViewController.h */,
				04F3339214B17B08008CC860 /* MainViewController.m */,
				0476572314B425FC000D984C /* Event.h */,
				0476572414B425FC000D984C /* Event.m */,
				0476572614B42613000D984C /* Trail.h */,
				0476572714B42613000D984C /* Trail.m */,
				04F3338014B17B08008CC860 /* Supporting Files */,
			);
			path = MyTrail;
			sourceTree = "<group>";
		};
		04F3338014B17B08008CC860 /* Supporting Files */ = {
			isa = PBXGroup;
			children = (
				04F3338B14B17B08008CC860 /* MainStoryboard_iPhone.storyboard */,
				04F3338E14B17B08008CC860 /* MainStoryboard_iPad.storyboard */,
				044E633E14B562BA008C9E75 /* Common_Const.h */,
				0476571114B40804000D984C /* Trail.xcdatamodeld */,
				04F3338114B17B08008CC860 /* MyTrail-Info.plist */,
				04F3338214B17B08008CC860 /* InfoPlist.strings */,
				04F3338514B17B08008CC860 /* main.m */,
				04F3338714B17B08008CC860 /* MyTrail-Prefix.pch */,
				0476572C14B440CA000D984C /* pics */,
			);
			name = "Supporting Files";
			sourceTree = "<group>";
		};
/* End PBXGroup section */

/* Begin PBXNativeTarget section */
		04F3337414B17B08008CC860 /* MyTrail */ = {
			isa = PBXNativeTarget;
			buildConfigurationList = 04F3339614B17B08008CC860 /* Build configuration list for PBXNativeTarget "MyTrail" */;
			buildPhases = (
				04F3337114B17B08008CC860 /* Sources */,
				04F3337214B17B08008CC860 /* Frameworks */,
				04F3337314B17B08008CC860 /* Resources */,
			);
			buildRules = (
			);
			dependencies = (
			);
			name = MyTrail;
			productName = MyTrail;
			productReference = 04F3337514B17B08008CC860 /* MyTrail.app */;
			productType = "com.apple.product-type.application";
		};
/* End PBXNativeTarget section */

/* Begin PBXProject section */
		04F3336C14B17B08008CC860 /* Project object */ = {
			isa = PBXProject;
			attributes = {
				LastUpgradeCheck = 0420;
			};
			buildConfigurationList = 04F3336F14B17B08008CC860 /* Build configuration list for PBXProject "MyTrail" */;
			compatibilityVersion = "Xcode 3.2";
			developmentRegion = English;
			hasScannedForEncodings = 0;
			knownRegions = (
				en,
			);
			mainGroup = 04F3336A14B17B08008CC860;
			productRefGroup = 04F3337614B17B08008CC860 /* Products */;
			projectDirPath = "";
			projectRoot = "";
			targets = (
				04F3337414B17B08008CC860 /* MyTrail */,
			);
		};
/* End PBXProject section */

/* Begin PBXResourcesBuildPhase section */
		04F3337314B17B08008CC860 /* Resources */ = {
			isa = PBXResourcesBuildPhase;
			buildActionMask = 2147483647;
			files = (
				04F3338414B17B08008CC860 /* InfoPlist.strings in Resources */,
				04F3338D14B17B08008CC860 /* MainStoryboard_iPhone.storyboard in Resources */,
				04F3339014B17B08008CC860 /* MainStoryboard_iPad.storyboard in Resources */,
				0476573414B440CA000D984C /* IMG_0030.PNG in Resources */,
				0476573514B440CA000D984C /* IMG_0031.PNG in Resources */,
				0476573614B440CA000D984C /* IMG_0032.PNG in Resources */,
				0476573714B440CA000D984C /* IMG_0033.PNG in Resources */,
				0476573814B440CA000D984C /* IMG_0034.JPG in Resources */,
				0476573914B440CA000D984C /* IMG_0035.PNG in Resources */,
				0476573A14B440CA000D984C /* IMG_0036.PNG in Resources */,
			);
			runOnlyForDeploymentPostprocessing = 0;
		};
/* End PBXResourcesBuildPhase section */

/* Begin PBXSourcesBuildPhase section */
		04F3337114B17B08008CC860 /* Sources */ = {
			isa = PBXSourcesBuildPhase;
			buildActionMask = 2147483647;
			files = (
				04F3338614B17B08008CC860 /* main.m in Sources */,
				04F3338A14B17B08008CC860 /* AppDelegate.m in Sources */,
				04F3339314B17B08008CC860 /* MainViewController.m in Sources */,
				0476570A14B3FD84000D984C /* Utility.m in Sources */,
				0476570B14B3FD84000D984C /* FMDatabase.m in Sources */,
				0476570C14B3FD84000D984C /* FMResultSet.m in Sources */,
				0476570D14B3FD84000D984C /* Global.m in Sources */,
				0476570E14B3FD84000D984C /* FMDatabaseAdditions.m in Sources */,
				0476571314B40804000D984C /* Trail.xcdatamodeld in Sources */,
				0476572514B425FD000D984C /* Event.m in Sources */,
				0476572814B42613000D984C /* Trail.m in Sources */,
			);
			runOnlyForDeploymentPostprocessing = 0;
		};
/* End PBXSourcesBuildPhase section */

/* Begin PBXVariantGroup section */
		04F3338214B17B08008CC860 /* InfoPlist.strings */ = {
			isa = PBXVariantGroup;
			children = (
				04F3338314B17B08008CC860 /* en */,
			);
			name = InfoPlist.strings;
			sourceTree = "<group>";
		};
		04F3338B14B17B08008CC860 /* MainStoryboard_iPhone.storyboard */ = {
			isa = PBXVariantGroup;
			children = (
				04F3338C14B17B08008CC860 /* en */,
			);
			name = MainStoryboard_iPhone.storyboard;
			sourceTree = "<group>";
		};
		04F3338E14B17B08008CC860 /* MainStoryboard_iPad.storyboard */ = {
			isa = PBXVariantGroup;
			children = (
				04F3338F14B17B08008CC860 /* en */,
			);
			name = MainStoryboard_iPad.storyboard;
			sourceTree = "<group>";
		};
/* End PBXVariantGroup section */

/* Begin XCBuildConfiguration section */
		04F3339414B17B08008CC860 /* Debug */ = {
			isa = XCBuildConfiguration;
			buildSettings = {
				ALWAYS_SEARCH_USER_PATHS = NO;
				ARCHS = "$(ARCHS_STANDARD_32_BIT)";
				CLANG_ENABLE_OBJC_ARC = NO;
				"CODE_SIGN_IDENTITY[sdk=iphoneos*]" = "iPhone Developer";
				COPY_PHASE_STRIP = NO;
				GCC_C_LANGUAGE_STANDARD = gnu99;
				GCC_DYNAMIC_NO_PIC = NO;
				GCC_OPTIMIZATION_LEVEL = 0;
				GCC_PREPROCESSOR_DEFINITIONS = (
					"DEBUG=1",
					"$(inherited)",
				);
				GCC_SYMBOLS_PRIVATE_EXTERN = NO;
				GCC_VERSION = com.apple.compilers.llvm.clang.1_0;
				GCC_WARN_ABOUT_MISSING_PROTOTYPES = YES;
				GCC_WARN_ABOUT_RETURN_TYPE = YES;
				GCC_WARN_UNUSED_VARIABLE = YES;
				IPHONEOS_DEPLOYMENT_TARGET = 5.0;
				SDKROOT = iphoneos;
				TARGETED_DEVICE_FAMILY = "1,2";
			};
			name = Debug;
		};
		04F3339514B17B08008CC860 /* Release */ = {
			isa = XCBuildConfiguration;
			buildSettings = {
				ALWAYS_SEARCH_USER_PATHS = NO;
				ARCHS = "$(ARCHS_STANDARD_32_BIT)";
				CLANG_ENABLE_OBJC_ARC = NO;
				"CODE_SIGN_IDENTITY[sdk=iphoneos*]" = "iPhone Developer";
				COPY_PHASE_STRIP = YES;
				GCC_C_LANGUAGE_STANDARD = gnu99;
				GCC_VERSION = com.apple.compilers.llvm.clang.1_0;
				GCC_WARN_ABOUT_MISSING_PROTOTYPES = YES;
				GCC_WARN_ABOUT_RETURN_TYPE = YES;
				GCC_WARN_UNUSED_VARIABLE = YES;
				IPHONEOS_DEPLOYMENT_TARGET = 5.0;
				OTHER_CFLAGS = "-DNS_BLOCK_ASSERTIONS=1";
				SDKROOT = iphoneos;
				TARGETED_DEVICE_FAMILY = "1,2";
				VALIDATE_PRODUCT = YES;
			};
			name = Release;
		};
		04F3339714B17B08008CC860 /* Debug */ = {
			isa = XCBuildConfiguration;
			buildSettings = {
				GCC_PRECOMPILE_PREFIX_HEADER = YES;
				GCC_PREFIX_HEADER = "MyTrail/MyTrail-Prefix.pch";
				INFOPLIST_FILE = "MyTrail/MyTrail-Info.plist";
				PRODUCT_NAME = "$(TARGET_NAME)";
				WRAPPER_EXTENSION = app;
			};
			name = Debug;
		};
		04F3339814B17B08008CC860 /* Release */ = {
			isa = XCBuildConfiguration;
			buildSettings = {
				GCC_PRECOMPILE_PREFIX_HEADER = YES;
				GCC_PREFIX_HEADER = "MyTrail/MyTrail-Prefix.pch";
				INFOPLIST_FILE = "MyTrail/MyTrail-Info.plist";
				PRODUCT_NAME = "$(TARGET_NAME)";
				WRAPPER_EXTENSION = app;
			};
			name = Release;
		};
/* End XCBuildConfiguration section */

/* Begin XCConfigurationList section */
		04F3336F14B17B08008CC860 /* Build configuration list for PBXProject "MyTrail" */ = {
			isa = XCConfigurationList;
			buildConfigurations = (
				04F3339414B17B08008CC860 /* Debug */,
				04F3339514B17B08008CC860 /* Release */,
			);
			defaultConfigurationIsVisible = 0;
			defaultConfigurationName = Release;
		};
		04F3339614B17B08008CC860 /* Build configuration list for PBXNativeTarget "MyTrail" */ = {
			isa = XCConfigurationList;
			buildConfigurations = (
				04F3339714B17B08008CC860 /* Debug */,
				04F3339814B17B08008CC860 /* Release */,
			);
			defaultConfigurationIsVisible = 0;
			defaultConfigurationName = Release;
		};
/* End XCConfigurationList section */

/* Begin XCVersionGroup section */
		0476571114B40804000D984C /* Trail.xcdatamodeld */ = {
			isa = XCVersionGroup;
			children = (
				0476571214B40804000D984C /* Trail.xcdatamodel */,
			);
			currentVersion = 0476571214B40804000D984C /* Trail.xcdatamodel */;
			name = Trail.xcdatamodeld;
			path = ../Trail.xcdatamodeld;
			sourceTree = "<group>";
			versionGroupType = wrapper.xcdatamodel;
		};
/* End XCVersionGroup section */
	};
	rootObject = 04F3336C14B17B08008CC860 /* Project object */;
}
